
Microsoft Visual Studio Solution File, Format Version 12.00
# Visual Studio Version 17
VisualStudioVersion = 17.9.34616.47
MinimumVisualStudioVersion = 10.0.40219.1
Project("{FAE04EC0-301F-11D3-BF4B-00C04F79EFBC}") = "FilmesAPI", "FilmesAPI\FilmesAPI.csproj", "{2C46F87A-6D98-4A37-9DEA-33A35966CC59}"
EndProject
Global
	GlobalSection(SolutionConfigurationPlatforms) = preSolution
		Debug|Any CPU = Debug|Any CPU
		Release|Any CPU = Release|Any CPU
	EndGlobalSection
	GlobalSection(ProjectConfigurationPlatforms) = postSolution
		{2C46F87A-6D98-4A37-9DEA-33A35966CC59}.Debug|Any CPU.ActiveCfg = Debug|Any CPU
		{2C46F87A-6D98-4A37-9DEA-33A35966CC59}.Debug|Any CPU.Build.0 = Debug|Any CPU
		{2C46F87A-6D98-4A37-9DEA-33A35966CC59}.Release|Any CPU.ActiveCfg = Release|Any CPU
		{2C46F87A-6D98-4A37-9DEA-33A35966CC59}.Release|Any CPU.Build.0 = Release|Any CPU
	EndGlobalSection
	GlobalSection(SolutionProperties) = preSolution
		HideSolutionNode = FALSE
	EndGlobalSection
	GlobalSection(ExtensibilityGlobals) = postSolution
		SolutionGuid = {CE2E4685-0884-4CF5-81B1-793B301918E9}
	EndGlobalSection
EndGlobal
